
Microsoft Visual Studio Solution File, Format Version 12.00
# Visual Studio Version 16
VisualStudioVersion = 16.0.30717.126
MinimumVisualStudioVersion = 10.0.40219.1
Project("{FAE04EC0-301F-11D3-BF4B-00C04F79EFBC}") = "hll_vips_tool", "hll_vips_tool\hll_vips_tool.csproj", "{5F1B40B6-7987-4060-8F2F-3A5B4E649850}"
EndProject
Global
	GlobalSection(SolutionConfigurationPlatforms) = preSolution
		Debug|Any CPU = Debug|Any CPU
		Release|Any CPU = Release|Any CPU
	EndGlobalSection
	GlobalSection(ProjectConfigurationPlatforms) = postSolution
		{5F1B40B6-7987-4060-8F2F-3A5B4E649850}.Debug|Any CPU.ActiveCfg = Debug|Any CPU
		{5F1B40B6-7987-4060-8F2F-3A5B4E649850}.Debug|Any CPU.Build.0 = Debug|Any CPU
		{5F1B40B6-7987-4060-8F2F-3A5B4E649850}.Release|Any CPU.ActiveCfg = Release|Any CPU
		{5F1B40B6-7987-4060-8F2F-3A5B4E649850}.Release|Any CPU.Build.0 = Release|Any CPU
	EndGlobalSection
	GlobalSection(SolutionProperties) = preSolution
		HideSolutionNode = FALSE
	EndGlobalSection
	GlobalSection(ExtensibilityGlobals) = postSolution
		SolutionGuid = {3D760571-3535-4E6A-8B6F-A24018BF044D}
	EndGlobalSection
EndGlobal
